// !$*UTF8*$!
{
	archiveVersion = 1;
	classes = {
	};
	objectVersion = 56;
	objects = {

/* Begin PBXBuildFile section */
		431835122B435FC800D6D3AA /* DriverLogbookApp.swift in Sources */ = {isa = PBXBuildFile; fileRef = 431835112B435FC800D6D3AA /* DriverLogbookApp.swift */; };
		431835142B435FC800D6D3AA /* ContentView.swift in Sources */ = {isa = PBXBuildFile; fileRef = 431835132B435FC800D6D3AA /* ContentView.swift */; };
		431835162B435FC800D6D3AA /* Item.swift in Sources */ = {isa = PBXBuildFile; fileRef = 431835152B435FC800D6D3AA /* Item.swift */; };
		431835182B435FCA00D6D3AA /* Assets.xcassets in Resources */ = {isa = PBXBuildFile; fileRef = 431835172B435FCA00D6D3AA /* Assets.xcassets */; };
		4318351B2B435FCA00D6D3AA /* Preview Assets.xcassets in Resources */ = {isa = PBXBuildFile; fileRef = 4318351A2B435FCA00D6D3AA /* Preview Assets.xcassets */; };
		431835272B435FCA00D6D3AA /* DriverLogbookTests.swift in Sources */ = {isa = PBXBuildFile; fileRef = 431835262B435FCA00D6D3AA /* DriverLogbookTests.swift */; };
		431835312B435FCA00D6D3AA /* DriverLogbookUITests.swift in Sources */ = {isa = PBXBuildFile; fileRef = 431835302B435FCA00D6D3AA /* DriverLogbookUITests.swift */; };
		431835332B435FCA00D6D3AA /* DriverLogbookUITestsLaunchTests.swift in Sources */ = {isa = PBXBuildFile; fileRef = 431835322B435FCA00D6D3AA /* DriverLogbookUITestsLaunchTests.swift */; };
/* End PBXBuildFile section */

/* Begin PBXContainerItemProxy section */
		431835232B435FCA00D6D3AA /* PBXContainerItemProxy */ = {
			isa = PBXContainerItemProxy;
			containerPortal = 431835062B435FC800D6D3AA /* Project object */;
			proxyType = 1;
			remoteGlobalIDString = 4318350D2B435FC800D6D3AA;
			remoteInfo = DriverLogbook;
		};
		4318352D2B435FCA00D6D3AA /* PBXContainerItemProxy */ = {
			isa = PBXContainerItemProxy;
			containerPortal = 431835062B435FC800D6D3AA /* Project object */;
			proxyType = 1;
			remoteGlobalIDString = 4318350D2B435FC800D6D3AA;
			remoteInfo = DriverLogbook;
		};
/* End PBXContainerItemProxy section */

/* Begin PBXFileReference section */
		4318350E2B435FC800D6D3AA /* DriverLogbook.app */ = {isa = PBXFileReference; explicitFileType = wrapper.application; includeInIndex = 0; path = DriverLogbook.app; sourceTree = BUILT_PRODUCTS_DIR; };
		431835112B435FC800D6D3AA /* DriverLogbookApp.swift */ = {isa = PBXFileReference; lastKnownFileType = sourcecode.swift; path = DriverLogbookApp.swift; sourceTree = "<group>"; };
		431835132B435FC800D6D3AA /* ContentView.swift */ = {isa = PBXFileReference; lastKnownFileType = sourcecode.swift; path = ContentView.swift; sourceTree = "<group>"; };
		431835152B435FC800D6D3AA /* Item.swift */ = {isa = PBXFileReference; lastKnownFileType = sourcecode.swift; path = Item.swift; sourceTree = "<group>"; };
		431835172B435FCA00D6D3AA /* Assets.xcassets */ = {isa = PBXFileReference; lastKnownFileType = folder.assetcatalog; path = Assets.xcassets; sourceTree = "<group>"; };
		4318351A2B435FCA00D6D3AA /* Preview Assets.xcassets */ = {isa = PBXFileReference; lastKnownFileType = folder.assetcatalog; path = "Preview Assets.xcassets"; sourceTree = "<group>"; };
		4318351C2B435FCA00D6D3AA /* DriverLogbook.entitlements */ = {isa = PBXFileReference; lastKnownFileType = text.plist.entitlements; path = DriverLogbook.entitlements; sourceTree = "<group>"; };
		4318351D2B435FCA00D6D3AA /* Info.plist */ = {isa = PBXFileReference; lastKnownFileType = text.plist.xml; path = Info.plist; sourceTree = "<group>"; };
		431835222B435FCA00D6D3AA /* DriverLogbookTests.xctest */ = {isa = PBXFileReference; explicitFileType = wrapper.cfbundle; includeInIndex = 0; path = DriverLogbookTests.xctest; sourceTree = BUILT_PRODUCTS_DIR; };
		431835262B435FCA00D6D3AA /* DriverLogbookTests.swift */ = {isa = PBXFileReference; lastKnownFileType = sourcecode.swift; path = DriverLogbookTests.swift; sourceTree = "<group>"; };
		4318352C2B435FCA00D6D3AA /* DriverLogbookUITests.xctest */ = {isa = PBXFileReference; explicitFileType = wrapper.cfbundle; includeInIndex = 0; path = DriverLogbookUITests.xctest; sourceTree = BUILT_PRODUCTS_DIR; };
		431835302B435FCA00D6D3AA /* DriverLogbookUITests.swift */ = {isa = PBXFileReference; lastKnownFileType = sourcecode.swift; path = DriverLogbookUITests.swift; sourceTree = "<group>"; };
		431835322B435FCA00D6D3AA /* DriverLogbookUITestsLaunchTests.swift */ = {isa = PBXFileReference; lastKnownFileType = sourcecode.swift; path = DriverLogbookUITestsLaunchTests.swift; sourceTree = "<group>"; };
/* End PBXFileReference section */

/* Begin PBXFrameworksBuildPhase section */
		4318350B2B435FC800D6D3AA /* Frameworks */ = {
			isa = PBXFrameworksBuildPhase;
			buildActionMask = 2147483647;
			files = (
			);
			runOnlyForDeploymentPostprocessing = 0;
		};
		4318351F2B435FCA00D6D3AA /* Frameworks */ = {
			isa = PBXFrameworksBuildPhase;
			buildActionMask = 2147483647;
			files = (
			);
			runOnlyForDeploymentPostprocessing = 0;
		};
		431835292B435FCA00D6D3AA /* Frameworks */ = {
			isa = PBXFrameworksBuildPhase;
			buildActionMask = 2147483647;
			files = (
			);
			runOnlyForDeploymentPostprocessing = 0;
		};
/* End PBXFrameworksBuildPhase section */

/* Begin PBXGroup section */
		431835052B435FC800D6D3AA = {
			isa = PBXGroup;
			children = (
				431835102B435FC800D6D3AA /* DriverLogbook */,
				431835252B435FCA00D6D3AA /* DriverLogbookTests */,
				4318352F2B435FCA00D6D3AA /* DriverLogbookUITests */,
				4318350F2B435FC800D6D3AA /* Products */,
			);
			sourceTree = "<group>";
		};
		4318350F2B435FC800D6D3AA /* Products */ = {
			isa = PBXGroup;
			children = (
				4318350E2B435FC800D6D3AA /* DriverLogbook.app */,
				431835222B435FCA00D6D3AA /* DriverLogbookTests.xctest */,
				4318352C2B435FCA00D6D3AA /* DriverLogbookUITests.xctest */,
			);
			name = Products;
			sourceTree = "<group>";
		};
		431835102B435FC800D6D3AA /* DriverLogbook */ = {
			isa = PBXGroup;
			children = (
				431835112B435FC800D6D3AA /* DriverLogbookApp.swift */,
				431835132B435FC800D6D3AA /* ContentView.swift */,
				431835152B435FC800D6D3AA /* Item.swift */,
				431835172B435FCA00D6D3AA /* Assets.xcassets */,
				4318351C2B435FCA00D6D3AA /* DriverLogbook.entitlements */,
				4318351D2B435FCA00D6D3AA /* Info.plist */,
				431835192B435FCA00D6D3AA /* Preview Content */,
			);
			path = DriverLogbook;
			sourceTree = "<group>";
		};
		431835192B435FCA00D6D3AA /* Preview Content */ = {
			isa = PBXGroup;
			children = (
				4318351A2B435FCA00D6D3AA /* Preview Assets.xcassets */,
			);
			path = "Preview Content";
			sourceTree = "<group>";
		};
		431835252B435FCA00D6D3AA /* DriverLogbookTests */ = {
			isa = PBXGroup;
			children = (
				431835262B435FCA00D6D3AA /* DriverLogbookTests.swift */,
			);
			path = DriverLogbookTests;
			sourceTree = "<group>";
		};
		4318352F2B435FCA00D6D3AA /* DriverLogbookUITests */ = {
			isa = PBXGroup;
			children = (
				431835302B435FCA00D6D3AA /* DriverLogbookUITests.swift */,
				431835322B435FCA00D6D3AA /* DriverLogbookUITestsLaunchTests.swift */,
			);
			path = DriverLogbookUITests;
			sourceTree = "<group>";
		};
/* End PBXGroup section */

/* Begin PBXNativeTarget section */
		4318350D2B435FC800D6D3AA /* DriverLogbook */ = {
			isa = PBXNativeTarget;
			buildConfigurationList = 431835362B435FCA00D6D3AA /* Build configuration list for PBXNativeTarget "DriverLogbook" */;
			buildPhases = (
				4318350A2B435FC800D6D3AA /* Sources */,
				4318350B2B435FC800D6D3AA /* Frameworks */,
				4318350C2B435FC800D6D3AA /* Resources */,
			);
			buildRules = (
			);
			dependencies = (
			);
			name = DriverLogbook;
			productName = DriverLogbook;
			productReference = 4318350E2B435FC800D6D3AA /* DriverLogbook.app */;
			productType = "com.apple.product-type.application";
		};
		431835212B435FCA00D6D3AA /* DriverLogbookTests */ = {
			isa = PBXNativeTarget;
			buildConfigurationList = 431835392B435FCA00D6D3AA /* Build configuration list for PBXNativeTarget "DriverLogbookTests" */;
			buildPhases = (
				4318351E2B435FCA00D6D3AA /* Sources */,
				4318351F2B435FCA00D6D3AA /* Frameworks */,
				431835202B435FCA00D6D3AA /* Resources */,
			);
			buildRules = (
			);
			dependencies = (
				431835242B435FCA00D6D3AA /* PBXTargetDependency */,
			);
			name = DriverLogbookTests;
			productName = DriverLogbookTests;
			productReference = 431835222B435FCA00D6D3AA /* DriverLogbookTests.xctest */;
			productType = "com.apple.product-type.bundle.unit-test";
		};
		4318352B2B435FCA00D6D3AA /* DriverLogbookUITests */ = {
			isa = PBXNativeTarget;
			buildConfigurationList = 4318353C2B435FCA00D6D3AA /* Build configuration list for PBXNativeTarget "DriverLogbookUITests" */;
			buildPhases = (
				431835282B435FCA00D6D3AA /* Sources */,
				431835292B435FCA00D6D3AA /* Frameworks */,
				4318352A2B435FCA00D6D3AA /* Resources */,
			);
			buildRules = (
			);
			dependencies = (
				4318352E2B435FCA00D6D3AA /* PBXTargetDependency */,
			);
			name = DriverLogbookUITests;
			productName = DriverLogbookUITests;
			productReference = 4318352C2B435FCA00D6D3AA /* DriverLogbookUITests.xctest */;
			productType = "com.apple.product-type.bundle.ui-testing";
		};
/* End PBXNativeTarget section */

/* Begin PBXProject section */
		431835062B435FC800D6D3AA /* Project object */ = {
			isa = PBXProject;
			attributes = {
				BuildIndependentTargetsInParallel = 1;
				LastSwiftUpdateCheck = 1510;
				LastUpgradeCheck = 1510;
				TargetAttributes = {
					4318350D2B435FC800D6D3AA = {
						CreatedOnToolsVersion = 15.1;
					};
					431835212B435FCA00D6D3AA = {
						CreatedOnToolsVersion = 15.1;
						TestTargetID = 4318350D2B435FC800D6D3AA;
					};
					4318352B2B435FCA00D6D3AA = {
						CreatedOnToolsVersion = 15.1;
						TestTargetID = 4318350D2B435FC800D6D3AA;
					};
				};
			};
			buildConfigurationList = 431835092B435FC800D6D3AA /* Build configuration list for PBXProject "DriverLogbook" */;
			compatibilityVersion = "Xcode 14.0";
			developmentRegion = en;
			hasScannedForEncodings = 0;
			knownRegions = (
				en,
				Base,
			);
			mainGroup = 431835052B435FC800D6D3AA;
			productRefGroup = 4318350F2B435FC800D6D3AA /* Products */;
			projectDirPath = "";
			projectRoot = "";
			targets = (
				4318350D2B435FC800D6D3AA /* DriverLogbook */,
				431835212B435FCA00D6D3AA /* DriverLogbookTests */,
				4318352B2B435FCA00D6D3AA /* DriverLogbookUITests */,
			);
		};
/* End PBXProject section */

/* Begin PBXResourcesBuildPhase section */
		4318350C2B435FC800D6D3AA /* Resources */ = {
			isa = PBXResourcesBuildPhase;
			buildActionMask = 2147483647;
			files = (
				4318351B2B435FCA00D6D3AA /* Preview Assets.xcassets in Resources */,
				431835182B435FCA00D6D3AA /* Assets.xcassets in Resources */,
			);
			runOnlyForDeploymentPostprocessing = 0;
		};
		431835202B435FCA00D6D3AA /* Resources */ = {
			isa = PBXResourcesBuildPhase;
			buildActionMask = 2147483647;
			files = (
			);
			runOnlyForDeploymentPostprocessing = 0;
		};
		4318352A2B435FCA00D6D3AA /* Resources */ = {
			isa = PBXResourcesBuildPhase;
			buildActionMask = 2147483647;
			files = (
			);
			runOnlyForDeploymentPostprocessing = 0;
		};
/* End PBXResourcesBuildPhase section */

/* Begin PBXSourcesBuildPhase section */
		4318350A2B435FC800D6D3AA /* Sources */ = {
			isa = PBXSourcesBuildPhase;
			buildActionMask = 2147483647;
			files = (
				431835142B435FC800D6D3AA /* ContentView.swift in Sources */,
				431835162B435FC800D6D3AA /* Item.swift in Sources */,
				431835122B435FC800D6D3AA /* DriverLogbookApp.swift in Sources */,
			);
			runOnlyForDeploymentPostprocessing = 0;
		};
		4318351E2B435FCA00D6D3AA /* Sources */ = {
			isa = PBXSourcesBuildPhase;
			buildActionMask = 2147483647;
			files = (
				431835272B435FCA00D6D3AA /* DriverLogbookTests.swift in Sources */,
			);
			runOnlyForDeploymentPostprocessing = 0;
		};
		431835282B435FCA00D6D3AA /* Sources */ = {
			isa = PBXSourcesBuildPhase;
			buildActionMask = 2147483647;
			files = (
				431835332B435FCA00D6D3AA /* DriverLogbookUITestsLaunchTests.swift in Sources */,
				431835312B435FCA00D6D3AA /* DriverLogbookUITests.swift in Sources */,
			);
			runOnlyForDeploymentPostprocessing = 0;
		};
/* End PBXSourcesBuildPhase section */

/* Begin PBXTargetDependency section */
		431835242B435FCA00D6D3AA /* PBXTargetDependency */ = {
			isa = PBXTargetDependency;
			target = 4318350D2B435FC800D6D3AA /* DriverLogbook */;
			targetProxy = 431835232B435FCA00D6D3AA /* PBXContainerItemProxy */;
		};
		4318352E2B435FCA00D6D3AA /* PBXTargetDependency */ = {
			isa = PBXTargetDependency;
			target = 4318350D2B435FC800D6D3AA /* DriverLogbook */;
			targetProxy = 4318352D2B435FCA00D6D3AA /* PBXContainerItemProxy */;
		};
/* End PBXTargetDependency section */

/* Begin XCBuildConfiguration section */
		431835342B435FCA00D6D3AA /* Debug */ = {
			isa = XCBuildConfiguration;
			buildSettings = {
				ALWAYS_SEARCH_USER_PATHS = NO;
				ASSETCATALOG_COMPILER_GENERATE_SWIFT_ASSET_SYMBOL_EXTENSIONS = YES;
				CLANG_ANALYZER_NONNULL = YES;
				CLANG_ANALYZER_NUMBER_OBJECT_CONVERSION = YES_AGGRESSIVE;
				CLANG_CXX_LANGUAGE_STANDARD = "gnu++20";
				CLANG_ENABLE_MODULES = YES;
				CLANG_ENABLE_OBJC_ARC = YES;
				CLANG_ENABLE_OBJC_WEAK = YES;
				CLANG_WARN_BLOCK_CAPTURE_AUTORELEASING = YES;
				CLANG_WARN_BOOL_CONVERSION = YES;
				CLANG_WARN_COMMA = YES;
				CLANG_WARN_CONSTANT_CONVERSION = YES;
				CLANG_WARN_DEPRECATED_OBJC_IMPLEMENTATIONS = YES;
				CLANG_WARN_DIRECT_OBJC_ISA_USAGE = YES_ERROR;
				CLANG_WARN_DOCUMENTATION_COMMENTS = YES;
				CLANG_WARN_EMPTY_BODY = YES;
				CLANG_WARN_ENUM_CONVERSION = YES;
				CLANG_WARN_INFINITE_RECURSION = YES;
				CLANG_WARN_INT_CONVERSION = YES;
				CLANG_WARN_NON_LITERAL_NULL_CONVERSION = YES;
				CLANG_WARN_OBJC_IMPLICIT_RETAIN_SELF = YES;
				CLANG_WARN_OBJC_LITERAL_CONVERSION = YES;
				CLANG_WARN_OBJC_ROOT_CLASS = YES_ERROR;
				CLANG_WARN_QUOTED_INCLUDE_IN_FRAMEWORK_HEADER = YES;
				CLANG_WARN_RANGE_LOOP_ANALYSIS = YES;
				CLANG_WARN_STRICT_PROTOTYPES = YES;
				CLANG_WARN_SUSPICIOUS_MOVE = YES;
				CLANG_WARN_UNGUARDED_AVAILABILITY = YES_AGGRESSIVE;
				CLANG_WARN_UNREACHABLE_CODE = YES;
				CLANG_WARN__DUPLICATE_METHOD_MATCH = YES;
				COPY_PHASE_STRIP = NO;
				DEBUG_INFORMATION_FORMAT = dwarf;
				ENABLE_STRICT_OBJC_MSGSEND = YES;
				ENABLE_TESTABILITY = YES;
				ENABLE_USER_SCRIPT_SANDBOXING = YES;
				GCC_C_LANGUAGE_STANDARD = gnu17;
				GCC_DYNAMIC_NO_PIC = NO;
				GCC_NO_COMMON_BLOCKS = YES;
				GCC_OPTIMIZATION_LEVEL = 0;
				GCC_PREPROCESSOR_DEFINITIONS = (
					"DEBUG=1",
					"$(inherited)",
				);
				GCC_WARN_64_TO_32_BIT_CONVERSION = YES;
				GCC_WARN_ABOUT_RETURN_TYPE = YES_ERROR;
				GCC_WARN_UNDECLARED_SELECTOR = YES;
				GCC_WARN_UNINITIALIZED_AUTOS = YES_AGGRESSIVE;
				GCC_WARN_UNUSED_FUNCTION = YES;
				GCC_WARN_UNUSED_VARIABLE = YES;
				IPHONEOS_DEPLOYMENT_TARGET = 17.2;
				LOCALIZATION_PREFERS_STRING_CATALOGS = YES;
				MTL_ENABLE_DEBUG_INFO = INCLUDE_SOURCE;
				MTL_FAST_MATH = YES;
				ONLY_ACTIVE_ARCH = YES;
				SDKROOT = iphoneos;
				SWIFT_ACTIVE_COMPILATION_CONDITIONS = "DEBUG $(inherited)";
				SWIFT_OPTIMIZATION_LEVEL = "-Onone";
			};
			name = Debug;
		};
		431835352B435FCA00D6D3AA /* Release */ = {
			isa = XCBuildConfiguration;
			buildSettings = {
				ALWAYS_SEARCH_USER_PATHS = NO;
				ASSETCATALOG_COMPILER_GENERATE_SWIFT_ASSET_SYMBOL_EXTENSIONS = YES;
				CLANG_ANALYZER_NONNULL = YES;
				CLANG_ANALYZER_NUMBER_OBJECT_CONVERSION = YES_AGGRESSIVE;
				CLANG_CXX_LANGUAGE_STANDARD = "gnu++20";
				CLANG_ENABLE_MODULES = YES;
				CLANG_ENABLE_OBJC_ARC = YES;
				CLANG_ENABLE_OBJC_WEAK = YES;
				CLANG_WARN_BLOCK_CAPTURE_AUTORELEASING = YES;
				CLANG_WARN_BOOL_CONVERSION = YES;
				CLANG_WARN_COMMA = YES;
				CLANG_WARN_CONSTANT_CONVERSION = YES;
				CLANG_WARN_DEPRECATED_OBJC_IMPLEMENTATIONS = YES;
				CLANG_WARN_DIRECT_OBJC_ISA_USAGE = YES_ERROR;
				CLANG_WARN_DOCUMENTATION_COMMENTS = YES;
				CLANG_WARN_EMPTY_BODY = YES;
				CLANG_WARN_ENUM_CONVERSION = YES;
				CLANG_WARN_INFINITE_RECURSION = YES;
				CLANG_WARN_INT_CONVERSION = YES;
				CLANG_WARN_NON_LITERAL_NULL_CONVERSION = YES;
				CLANG_WARN_OBJC_IMPLICIT_RETAIN_SELF = YES;
				CLANG_WARN_OBJC_LITERAL_CONVERSION = YES;
				CLANG_WARN_OBJC_ROOT_CLASS = YES_ERROR;
				CLANG_WARN_QUOTED_INCLUDE_IN_FRAMEWORK_HEADER = YES;
				CLANG_WARN_RANGE_LOOP_ANALYSIS = YES;
				CLANG_WARN_STRICT_PROTOTYPES = YES;
				CLANG_WARN_SUSPICIOUS_MOVE = YES;
				CLANG_WARN_UNGUARDED_AVAILABILITY = YES_AGGRESSIVE;
				CLANG_WARN_UNREACHABLE_CODE = YES;
				CLANG_WARN__DUPLICATE_METHOD_MATCH = YES;
				COPY_PHASE_STRIP = NO;
				DEBUG_INFORMATION_FORMAT = "dwarf-with-dsym";
				ENABLE_NS_ASSERTIONS = NO;
				ENABLE_STRICT_OBJC_MSGSEND = YES;
				ENABLE_USER_SCRIPT_SANDBOXING = YES;
				GCC_C_LANGUAGE_STANDARD = gnu17;
				GCC_NO_COMMON_BLOCKS = YES;
				GCC_WARN_64_TO_32_BIT_CONVERSION = YES;
				GCC_WARN_ABOUT_RETURN_TYPE = YES_ERROR;
				GCC_WARN_UNDECLARED_SELECTOR = YES;
				GCC_WARN_UNINITIALIZED_AUTOS = YES_AGGRESSIVE;
				GCC_WARN_UNUSED_FUNCTION = YES;
				GCC_WARN_UNUSED_VARIABLE = YES;
				IPHONEOS_DEPLOYMENT_TARGET = 17.2;
				LOCALIZATION_PREFERS_STRING_CATALOGS = YES;
				MTL_ENABLE_DEBUG_INFO = NO;
				MTL_FAST_MATH = YES;
				SDKROOT = iphoneos;
				SWIFT_COMPILATION_MODE = wholemodule;
				VALIDATE_PRODUCT = YES;
			};
			name = Release;
		};
		431835372B435FCA00D6D3AA /* Debug */ = {
			isa = XCBuildConfiguration;
			buildSettings = {
				ASSETCATALOG_COMPILER_APPICON_NAME = AppIcon;
				ASSETCATALOG_COMPILER_GLOBAL_ACCENT_COLOR_NAME = AccentColor;
				CODE_SIGN_ENTITLEMENTS = DriverLogbook/DriverLogbook.entitlements;
				CODE_SIGN_STYLE = Automatic;
				CURRENT_PROJECT_VERSION = 1;
				DEVELOPMENT_ASSET_PATHS = "\"DriverLogbook/Preview Content\"";
				DEVELOPMENT_TEAM = 8375Y25WC2;
				ENABLE_PREVIEWS = YES;
				GENERATE_INFOPLIST_FILE = YES;
				INFOPLIST_FILE = DriverLogbook/Info.plist;
				INFOPLIST_KEY_UIApplicationSceneManifest_Generation = YES;
				INFOPLIST_KEY_UIApplicationSupportsIndirectInputEvents = YES;
				INFOPLIST_KEY_UILaunchScreen_Generation = YES;
				INFOPLIST_KEY_UISupportedInterfaceOrientations_iPad = "UIInterfaceOrientationPortrait UIInterfaceOrientationPortraitUpsideDown UIInterfaceOrientationLandscapeLeft UIInterfaceOrientationLandscapeRight";
				INFOPLIST_KEY_UISupportedInterfaceOrientations_iPhone = "UIInterfaceOrientationPortrait UIInterfaceOrientationLandscapeLeft UIInterfaceOrientationLandscapeRight";
				LD_RUNPATH_SEARCH_PATHS = (
					"$(inherited)",
					"@executable_path/Frameworks",
				);
				MARKETING_VERSION = 1.0;
				PRODUCT_BUNDLE_IDENTIFIER = hookedondriving.DriverLogbook;
				PRODUCT_NAME = "$(TARGET_NAME)";
				SWIFT_EMIT_LOC_STRINGS = YES;
				SWIFT_VERSION = 5.0;
				TARGETED_DEVICE_FAMILY = "1,2";
			};
			name = Debug;
		};
		431835382B435FCA00D6D3AA /* Release */ = {
			isa = XCBuildConfiguration;
			buildSettings = {
				ASSETCATALOG_COMPILER_APPICON_NAME = AppIcon;
				ASSETCATALOG_COMPILER_GLOBAL_ACCENT_COLOR_NAME = AccentColor;
				CODE_SIGN_ENTITLEMENTS = DriverLogbook/DriverLogbook.entitlements;
				CODE_SIGN_STYLE = Automatic;
				CURRENT_PROJECT_VERSION = 1;
				DEVELOPMENT_ASSET_PATHS = "\"DriverLogbook/Preview Content\"";
				DEVELOPMENT_TEAM = 8375Y25WC2;
				ENABLE_PREVIEWS = YES;
				GENERATE_INFOPLIST_FILE = YES;
				INFOPLIST_FILE = DriverLogbook/Info.plist;
				INFOPLIST_KEY_UIApplicationSceneManifest_Generation = YES;
				INFOPLIST_KEY_UIApplicationSupportsIndirectInputEvents = YES;
				INFOPLIST_KEY_UILaunchScreen_Generation = YES;
				INFOPLIST_KEY_UISupportedInterfaceOrientations_iPad = "UIInterfaceOrientationPortrait UIInterfaceOrientationPortraitUpsideDown UIInterfaceOrientationLandscapeLeft UIInterfaceOrientationLandscapeRight";
				INFOPLIST_KEY_UISupportedInterfaceOrientations_iPhone = "UIInterfaceOrientationPortrait UIInterfaceOrientationLandscapeLeft UIInterfaceOrientationLandscapeRight";
				LD_RUNPATH_SEARCH_PATHS = (
					"$(inherited)",
					"@executable_path/Frameworks",
				);
				MARKETING_VERSION = 1.0;
				PRODUCT_BUNDLE_IDENTIFIER = hookedondriving.DriverLogbook;
				PRODUCT_NAME = "$(TARGET_NAME)";
				SWIFT_EMIT_LOC_STRINGS = YES;
				SWIFT_VERSION = 5.0;
				TARGETED_DEVICE_FAMILY = "1,2";
			};
			name = Release;
		};
		4318353A2B435FCA00D6D3AA /* Debug */ = {
			isa = XCBuildConfiguration;
			buildSettings = {
				ALWAYS_EMBED_SWIFT_STANDARD_LIBRARIES = YES;
				BUNDLE_LOADER = "$(TEST_HOST)";
				CODE_SIGN_STYLE = Automatic;
				CURRENT_PROJECT_VERSION = 1;
				DEVELOPMENT_TEAM = 8375Y25WC2;
				GENERATE_INFOPLIST_FILE = YES;
				IPHONEOS_DEPLOYMENT_TARGET = 17.2;
				MARKETING_VERSION = 1.0;
				PRODUCT_BUNDLE_IDENTIFIER = hookedondriving.DriverLogbookTests;
				PRODUCT_NAME = "$(TARGET_NAME)";
				SWIFT_EMIT_LOC_STRINGS = NO;
				SWIFT_VERSION = 5.0;
				TARGETED_DEVICE_FAMILY = "1,2";
				TEST_HOST = "$(BUILT_PRODUCTS_DIR)/DriverLogbook.app/$(BUNDLE_EXECUTABLE_FOLDER_PATH)/DriverLogbook";
			};
			name = Debug;
		};
		4318353B2B435FCA00D6D3AA /* Release */ = {
			isa = XCBuildConfiguration;
			buildSettings = {
				ALWAYS_EMBED_SWIFT_STANDARD_LIBRARIES = YES;
				BUNDLE_LOADER = "$(TEST_HOST)";
				CODE_SIGN_STYLE = Automatic;
				CURRENT_PROJECT_VERSION = 1;
				DEVELOPMENT_TEAM = 8375Y25WC2;
				GENERATE_INFOPLIST_FILE = YES;
				IPHONEOS_DEPLOYMENT_TARGET = 17.2;
				MARKETING_VERSION = 1.0;
				PRODUCT_BUNDLE_IDENTIFIER = hookedondriving.DriverLogbookTests;
				PRODUCT_NAME = "$(TARGET_NAME)";
				SWIFT_EMIT_LOC_STRINGS = NO;
				SWIFT_VERSION = 5.0;
				TARGETED_DEVICE_FAMILY = "1,2";
				TEST_HOST = "$(BUILT_PRODUCTS_DIR)/DriverLogbook.app/$(BUNDLE_EXECUTABLE_FOLDER_PATH)/DriverLogbook";
			};
			name = Release;
		};
		4318353D2B435FCA00D6D3AA /* Debug */ = {
			isa = XCBuildConfiguration;
			buildSettings = {
				ALWAYS_EMBED_SWIFT_STANDARD_LIBRARIES = YES;
				CODE_SIGN_STYLE = Automatic;
				CURRENT_PROJECT_VERSION = 1;
				DEVELOPMENT_TEAM = 8375Y25WC2;
				GENERATE_INFOPLIST_FILE = YES;
				MARKETING_VERSION = 1.0;
				PRODUCT_BUNDLE_IDENTIFIER = hookedondriving.DriverLogbookUITests;
				PRODUCT_NAME = "$(TARGET_NAME)";
				SWIFT_EMIT_LOC_STRINGS = NO;
				SWIFT_VERSION = 5.0;
				TARGETED_DEVICE_FAMILY = "1,2";
				TEST_TARGET_NAME = DriverLogbook;
			};
			name = Debug;
		};
		4318353E2B435FCA00D6D3AA /* Release */ = {
			isa = XCBuildConfiguration;
			buildSettings = {
				ALWAYS_EMBED_SWIFT_STANDARD_LIBRARIES = YES;
				CODE_SIGN_STYLE = Automatic;
				CURRENT_PROJECT_VERSION = 1;
				DEVELOPMENT_TEAM = 8375Y25WC2;
				GENERATE_INFOPLIST_FILE = YES;
				MARKETING_VERSION = 1.0;
				PRODUCT_BUNDLE_IDENTIFIER = hookedondriving.DriverLogbookUITests;
				PRODUCT_NAME = "$(TARGET_NAME)";
				SWIFT_EMIT_LOC_STRINGS = NO;
				SWIFT_VERSION = 5.0;
				TARGETED_DEVICE_FAMILY = "1,2";
				TEST_TARGET_NAME = DriverLogbook;
			};
			name = Release;
		};
/* End XCBuildConfiguration section */

/* Begin XCConfigurationList section */
		431835092B435FC800D6D3AA /* Build configuration list for PBXProject "DriverLogbook" */ = {
			isa = XCConfigurationList;
			buildConfigurations = (
				431835342B435FCA00D6D3AA /* Debug */,
				431835352B435FCA00D6D3AA /* Release */,
			);
			defaultConfigurationIsVisible = 0;
			defaultConfigurationName = Release;
		};
		431835362B435FCA00D6D3AA /* Build configuration list for PBXNativeTarget "DriverLogbook" */ = {
			isa = XCConfigurationList;
			buildConfigurations = (
				431835372B435FCA00D6D3AA /* Debug */,
				431835382B435FCA00D6D3AA /* Release */,
			);
			defaultConfigurationIsVisible = 0;
			defaultConfigurationName = Release;
		};
		431835392B435FCA00D6D3AA /* Build configuration list for PBXNativeTarget "DriverLogbookTests" */ = {
			isa = XCConfigurationList;
			buildConfigurations = (
				4318353A2B435FCA00D6D3AA /* Debug */,
				4318353B2B435FCA00D6D3AA /* Release */,
			);
			defaultConfigurationIsVisible = 0;
			defaultConfigurationName = Release;
		};
		4318353C2B435FCA00D6D3AA /* Build configuration list for PBXNativeTarget "DriverLogbookUITests" */ = {
			isa = XCConfigurationList;
			buildConfigurations = (
				4318353D2B435FCA00D6D3AA /* Debug */,
				4318353E2B435FCA00D6D3AA /* Release */,
			);
			defaultConfigurationIsVisible = 0;
			defaultConfigurationName = Release;
		};
/* End XCConfigurationList section */
	};
	rootObject = 431835062B435FC800D6D3AA /* Project object */;
}
